<?xml version="1.0" encoding="utf-8"?>
<Project ToolsVersion="4.0" xmlns="http://schemas.microsoft.com/developer/msbuild/2003">
  <ItemGroup>
    <Filter Include="Scenes">
      <UniqueIdentifier>{dc319ad4-15e3-4b24-9a60-ff2c8c9824d2}</UniqueIdentifier>
    </Filter>
    <Filter Include="Logic">
      <UniqueIdentifier>{8d78ba0b-00dc-4cf8-8d36-d245670593d4}</UniqueIdentifier>
    </Filter>
    <Filter Include="Utility">
      <UniqueIdentifier>{fd02b96a-a9f7-4a97-ad7f-fdd787631fd9}</UniqueIdentifier>
    </Filter>
    <Filter Include="Characters">
      <UniqueIdentifier>{707e27dd-35ab-42e0-ae61-07178369df26}</UniqueIdentifier>
    </Filter>
    <Filter Include="Characters\Enemys">
      <UniqueIdentifier>{82576d16-8838-4026-a3f2-31aaccbf6539}</UniqueIdentifier>
    </Filter>
    <Filter Include="Characters\Player">
      <UniqueIdentifier>{15a3242a-52c4-40bb-82ae-5fb631521167}</UniqueIdentifier>
    </Filter>
  </ItemGroup>
  <ItemGroup>
    <ClCompile Include="..\src\Scenes\gameOver.cpp">
      <Filter>Scenes</Filter>
    </ClCompile>
    <ClCompile Include="..\src\Logic\game.cpp">
      <Filter>Logic</Filter>
    </ClCompile>
    <ClCompile Include="..\src\Scenes\gameplay.cpp">
      <Filter>Scenes</Filter>
    </ClCompile>
    <ClCompile Include="..\src\Scenes\menu.cpp">
      <Filter>Scenes</Filter>
    </ClCompile>
    <ClCompile Include="..\src\Scenes\credits.cpp">
      <Filter>Scenes</Filter>
    </ClCompile>
    <ClCompile Include="..\src\main.cpp" />
    <ClCompile Include="..\src\Utility\buttons.cpp">
      <Filter>Utility</Filter>
    </ClCompile>
    <ClCompile Include="..\src\Characters\Player\player.cpp">
      <Filter>Characters\Player</Filter>
    </ClCompile>
    <ClCompile Include="..\src\Utility\animations.cpp">
      <Filter>Utility</Filter>
    </ClCompile>
    <ClCompile Include="..\src\Utility\pause_menu.cpp">
      <Filter>Utility</Filter>
    </ClCompile>
    <ClCompile Include="..\src\Characters\Enemys\columns.cpp">
      <Filter>Characters\Enemys</Filter>
    </ClCompile>
  </ItemGroup>
  <ItemGroup>
    <ClInclude Include="..\src\Logic\game.h">
      <Filter>Logic</Filter>
    </ClInclude>
    <ClInclude Include="..\src\Scenes\gameOver.h">
      <Filter>Scenes</Filter>
    </ClInclude>
    <ClInclude Include="..\src\Scenes\gameplay.h">
      <Filter>Scenes</Filter>
    </ClInclude>
    <ClInclude Include="..\src\Scenes\menu.h">
      <Filter>Scenes</Filter>
    </ClInclude>
    <ClInclude Include="..\src\Scenes\credits.h">
      <Filter>Scenes</Filter>
    </ClInclude>
    <ClInclude Include="..\src\Utility\buttons.h">
      <Filter>Utility</Filter>
    </ClInclude>
    <ClInclude Include="..\src\Characters\Player\player.h">
      <Filter>Characters\Player</Filter>
    </ClInclude>
    <ClInclude Include="..\src\Utility\animations.h">
      <Filter>Utility</Filter>
    </ClInclude>
    <ClInclude Include="..\src\Utility\pause_menu.h">
      <Filter>Utility</Filter>
    </ClInclude>
    <ClInclude Include="..\src\Characters\Enemys\columns.h">
      <Filter>Characters\Enemys</Filter>
    </ClInclude>
  </ItemGroup>
</Project>